
Microsoft Visual Studio Solution File, Format Version 12.00
# Visual Studio Version 16
VisualStudioVersion = 16.0.30711.63
MinimumVisualStudioVersion = 10.0.40219.1
Project("{FAE04EC0-301F-11D3-BF4B-00C04F79EFBC}") = "AsteroidsClone", "AsteroidsClone\AsteroidsClone.csproj", "{CDA32614-536D-400A-A2C2-2C3CE511DDBD}"
EndProject
Global
	GlobalSection(SolutionConfigurationPlatforms) = preSolution
		Debug|Any CPU = Debug|Any CPU
		Release|Any CPU = Release|Any CPU
	EndGlobalSection
	GlobalSection(ProjectConfigurationPlatforms) = postSolution
		{CDA32614-536D-400A-A2C2-2C3CE511DDBD}.Debug|Any CPU.ActiveCfg = Debug|Any CPU
		{CDA32614-536D-400A-A2C2-2C3CE511DDBD}.Debug|Any CPU.Build.0 = Debug|Any CPU
		{CDA32614-536D-400A-A2C2-2C3CE511DDBD}.Release|Any CPU.ActiveCfg = Release|Any CPU
		{CDA32614-536D-400A-A2C2-2C3CE511DDBD}.Release|Any CPU.Build.0 = Release|Any CPU
	EndGlobalSection
	GlobalSection(SolutionProperties) = preSolution
		HideSolutionNode = FALSE
	EndGlobalSection
	GlobalSection(ExtensibilityGlobals) = postSolution
		SolutionGuid = {446AF79A-CE22-4358-9FB4-691940A849E1}
	EndGlobalSection
EndGlobal
